
Microsoft Visual Studio Solution File, Format Version 12.00
# Visual Studio 2012
Project("{FAE04EC0-301F-11D3-BF4B-00C04F79EFBC}") = "MvvmCrossTest.Core", "MvvmCrossTest.Core\MvvmCrossTest.Core.csproj", "{89B2FE59-77D4-4D73-B622-23748F5D3915}"
EndProject
Project("{FAE04EC0-301F-11D3-BF4B-00C04F79EFBC}") = "MvvmCrossTest.iOS", "MvvmCrossTest.iOS\MvvmCrossTest.iOS.csproj", "{543D1B7B-9A3D-4BC7-AADA-07DD1C0DF705}"
EndProject
Global
	GlobalSection(SolutionConfigurationPlatforms) = preSolution
		Debug|Any CPU = Debug|Any CPU
		Release|Any CPU = Release|Any CPU
		Debug|iPhoneSimulator = Debug|iPhoneSimulator
		Release|iPhone = Release|iPhone
		Release|iPhoneSimulator = Release|iPhoneSimulator
		Debug|iPhone = Debug|iPhone
	EndGlobalSection
	GlobalSection(ProjectConfigurationPlatforms) = postSolution
		{89B2FE59-77D4-4D73-B622-23748F5D3915}.Debug|Any CPU.ActiveCfg = Debug|Any CPU
		{89B2FE59-77D4-4D73-B622-23748F5D3915}.Debug|Any CPU.Build.0 = Debug|Any CPU
		{89B2FE59-77D4-4D73-B622-23748F5D3915}.Release|Any CPU.ActiveCfg = Release|Any CPU
		{89B2FE59-77D4-4D73-B622-23748F5D3915}.Release|Any CPU.Build.0 = Release|Any CPU
		{89B2FE59-77D4-4D73-B622-23748F5D3915}.Debug|iPhoneSimulator.ActiveCfg = Debug|Any CPU
		{89B2FE59-77D4-4D73-B622-23748F5D3915}.Debug|iPhoneSimulator.Build.0 = Debug|Any CPU
		{89B2FE59-77D4-4D73-B622-23748F5D3915}.Release|iPhone.ActiveCfg = Release|Any CPU
		{89B2FE59-77D4-4D73-B622-23748F5D3915}.Release|iPhone.Build.0 = Release|Any CPU
		{89B2FE59-77D4-4D73-B622-23748F5D3915}.Release|iPhoneSimulator.ActiveCfg = Release|Any CPU
		{89B2FE59-77D4-4D73-B622-23748F5D3915}.Release|iPhoneSimulator.Build.0 = Release|Any CPU
		{89B2FE59-77D4-4D73-B622-23748F5D3915}.Debug|iPhone.ActiveCfg = Debug|Any CPU
		{89B2FE59-77D4-4D73-B622-23748F5D3915}.Debug|iPhone.Build.0 = Debug|Any CPU
		{543D1B7B-9A3D-4BC7-AADA-07DD1C0DF705}.Debug|Any CPU.ActiveCfg = Debug|iPhoneSimulator
		{543D1B7B-9A3D-4BC7-AADA-07DD1C0DF705}.Debug|Any CPU.Build.0 = Debug|iPhoneSimulator
		{543D1B7B-9A3D-4BC7-AADA-07DD1C0DF705}.Release|Any CPU.ActiveCfg = Release|iPhone
		{543D1B7B-9A3D-4BC7-AADA-07DD1C0DF705}.Release|Any CPU.Build.0 = Release|iPhone
		{543D1B7B-9A3D-4BC7-AADA-07DD1C0DF705}.Debug|iPhoneSimulator.ActiveCfg = Debug|iPhoneSimulator
		{543D1B7B-9A3D-4BC7-AADA-07DD1C0DF705}.Debug|iPhoneSimulator.Build.0 = Debug|iPhoneSimulator
		{543D1B7B-9A3D-4BC7-AADA-07DD1C0DF705}.Release|iPhone.ActiveCfg = Release|iPhone
		{543D1B7B-9A3D-4BC7-AADA-07DD1C0DF705}.Release|iPhone.Build.0 = Release|iPhone
		{543D1B7B-9A3D-4BC7-AADA-07DD1C0DF705}.Release|iPhoneSimulator.ActiveCfg = Release|iPhoneSimulator
		{543D1B7B-9A3D-4BC7-AADA-07DD1C0DF705}.Release|iPhoneSimulator.Build.0 = Release|iPhoneSimulator
		{543D1B7B-9A3D-4BC7-AADA-07DD1C0DF705}.Debug|iPhone.ActiveCfg = Debug|iPhone
		{543D1B7B-9A3D-4BC7-AADA-07DD1C0DF705}.Debug|iPhone.Build.0 = Debug|iPhone
	EndGlobalSection
EndGlobal
